
Microsoft Visual Studio Solution File, Format Version 12.00
# Visual Studio Version 16
VisualStudioVersion = 16.0.29319.158
MinimumVisualStudioVersion = 10.0.40219.1
Project("{9A19103F-16F7-4668-BE54-9A1E7A4F7556}") = "Domain.Entities", "Domain.Entities\Domain.Entities.csproj", "{0AD6C236-D022-4E60-A8DB-3A71ACC00357}"
EndProject
Project("{9A19103F-16F7-4668-BE54-9A1E7A4F7556}") = "Domain.Contracts", "Domain.Contracts\Domain.Contracts.csproj", "{0B5A9F7B-9608-4203-8B9D-E4438602CA8A}"
EndProject
Project("{9A19103F-16F7-4668-BE54-9A1E7A4F7556}") = "Domain.Services", "Domain.Services\Domain.Services.csproj", "{A61B24DE-E7FE-4D37-9D73-8C2228CAF824}"
EndProject
Project("{9A19103F-16F7-4668-BE54-9A1E7A4F7556}") = "Domain.ApplicationServices", "Domain.ApplicationServices\Domain.ApplicationServices.csproj", "{02B291AF-BE91-4D40-B8DE-CE1436BB7460}"
EndProject
Project("{9A19103F-16F7-4668-BE54-9A1E7A4F7556}") = "Data.Dapper", "Data.Dapper\Data.Dapper.csproj", "{CE74A94C-C33F-427A-B756-FA1211B0F0E1}"
EndProject
Project("{9A19103F-16F7-4668-BE54-9A1E7A4F7556}") = "EndPoint.WebUI", "EndPoint.WebUI\EndPoint.WebUI.csproj", "{6D35EBD7-F0F9-4E49-99F7-FD052E26FCD6}"
EndProject
Project("{9A19103F-16F7-4668-BE54-9A1E7A4F7556}") = "AspNetCore.Identity.Dapper", "..\..\..\..\Downloads\Daarto-master\src\AspNetCore.Identity.Dapper\AspNetCore.Identity.Dapper.csproj", "{0B145E1E-F614-4847-A24C-95F7A08725A2}"
EndProject
Global
	GlobalSection(SolutionConfigurationPlatforms) = preSolution
		Debug|Any CPU = Debug|Any CPU
		Release|Any CPU = Release|Any CPU
	EndGlobalSection
	GlobalSection(ProjectConfigurationPlatforms) = postSolution
		{0AD6C236-D022-4E60-A8DB-3A71ACC00357}.Debug|Any CPU.ActiveCfg = Debug|Any CPU
		{0AD6C236-D022-4E60-A8DB-3A71ACC00357}.Debug|Any CPU.Build.0 = Debug|Any CPU
		{0AD6C236-D022-4E60-A8DB-3A71ACC00357}.Release|Any CPU.ActiveCfg = Release|Any CPU
		{0AD6C236-D022-4E60-A8DB-3A71ACC00357}.Release|Any CPU.Build.0 = Release|Any CPU
		{0B5A9F7B-9608-4203-8B9D-E4438602CA8A}.Debug|Any CPU.ActiveCfg = Debug|Any CPU
		{0B5A9F7B-9608-4203-8B9D-E4438602CA8A}.Debug|Any CPU.Build.0 = Debug|Any CPU
		{0B5A9F7B-9608-4203-8B9D-E4438602CA8A}.Release|Any CPU.ActiveCfg = Release|Any CPU
		{0B5A9F7B-9608-4203-8B9D-E4438602CA8A}.Release|Any CPU.Build.0 = Release|Any CPU
		{A61B24DE-E7FE-4D37-9D73-8C2228CAF824}.Debug|Any CPU.ActiveCfg = Debug|Any CPU
		{A61B24DE-E7FE-4D37-9D73-8C2228CAF824}.Debug|Any CPU.Build.0 = Debug|Any CPU
		{A61B24DE-E7FE-4D37-9D73-8C2228CAF824}.Release|Any CPU.ActiveCfg = Release|Any CPU
		{A61B24DE-E7FE-4D37-9D73-8C2228CAF824}.Release|Any CPU.Build.0 = Release|Any CPU
		{02B291AF-BE91-4D40-B8DE-CE1436BB7460}.Debug|Any CPU.ActiveCfg = Debug|Any CPU
		{02B291AF-BE91-4D40-B8DE-CE1436BB7460}.Debug|Any CPU.Build.0 = Debug|Any CPU
		{02B291AF-BE91-4D40-B8DE-CE1436BB7460}.Release|Any CPU.ActiveCfg = Release|Any CPU
		{02B291AF-BE91-4D40-B8DE-CE1436BB7460}.Release|Any CPU.Build.0 = Release|Any CPU
		{CE74A94C-C33F-427A-B756-FA1211B0F0E1}.Debug|Any CPU.ActiveCfg = Debug|Any CPU
		{CE74A94C-C33F-427A-B756-FA1211B0F0E1}.Debug|Any CPU.Build.0 = Debug|Any CPU
		{CE74A94C-C33F-427A-B756-FA1211B0F0E1}.Release|Any CPU.ActiveCfg = Release|Any CPU
		{CE74A94C-C33F-427A-B756-FA1211B0F0E1}.Release|Any CPU.Build.0 = Release|Any CPU
		{6D35EBD7-F0F9-4E49-99F7-FD052E26FCD6}.Debug|Any CPU.ActiveCfg = Debug|Any CPU
		{6D35EBD7-F0F9-4E49-99F7-FD052E26FCD6}.Debug|Any CPU.Build.0 = Debug|Any CPU
		{6D35EBD7-F0F9-4E49-99F7-FD052E26FCD6}.Release|Any CPU.ActiveCfg = Release|Any CPU
		{6D35EBD7-F0F9-4E49-99F7-FD052E26FCD6}.Release|Any CPU.Build.0 = Release|Any CPU
		{0B145E1E-F614-4847-A24C-95F7A08725A2}.Debug|Any CPU.ActiveCfg = Debug|Any CPU
		{0B145E1E-F614-4847-A24C-95F7A08725A2}.Debug|Any CPU.Build.0 = Debug|Any CPU
		{0B145E1E-F614-4847-A24C-95F7A08725A2}.Release|Any CPU.ActiveCfg = Release|Any CPU
		{0B145E1E-F614-4847-A24C-95F7A08725A2}.Release|Any CPU.Build.0 = Release|Any CPU
	EndGlobalSection
	GlobalSection(SolutionProperties) = preSolution
		HideSolutionNode = FALSE
	EndGlobalSection
	GlobalSection(ExtensibilityGlobals) = postSolution
		SolutionGuid = {15CD7A06-19FC-4322-9D3C-846085337F69}
	EndGlobalSection
EndGlobal
