
Microsoft Visual Studio Solution File, Format Version 12.00
# Visual Studio Version 16
VisualStudioVersion = 16.0.30011.22
MinimumVisualStudioVersion = 10.0.40219.1
Project("{9A19103F-16F7-4668-BE54-9A1E7A4F7556}") = "PersianTranslation", "PersianTranslation\PersianTranslation.csproj", "{E50D3946-6D23-4C04-B443-E93E521648C1}"
EndProject
Project("{9A19103F-16F7-4668-BE54-9A1E7A4F7556}") = "influencer", "influencer\influencer.csproj", "{97AD89E2-44E9-4F6E-B8A5-E8F5F9C7FB22}"
EndProject
Project("{9A19103F-16F7-4668-BE54-9A1E7A4F7556}") = "Domain.Contracts", "Domain.Contracts\Domain.Contracts.csproj", "{420E15F4-B0E5-4E07-935C-5189715F7D95}"
EndProject
Project("{9A19103F-16F7-4668-BE54-9A1E7A4F7556}") = "Domain.Entities", "Domain.Entities\Domain.Entities.csproj", "{56C3AED1-F9B9-42BC-A44A-EA2CC4642619}"
EndProject
Project("{9A19103F-16F7-4668-BE54-9A1E7A4F7556}") = "Data.EF", "Data.EF\Data.EF.csproj", "{5423D744-FF84-448E-B360-A39AD7F7839C}"
EndProject
Project("{2150E333-8FDC-42A3-9474-1A3956D46DE8}") = "Solution Items", "Solution Items", "{53882906-9594-4112-9F03-8BB7F9BA7D7B}"
	ProjectSection(SolutionItems) = preProject
		.editorconfig = .editorconfig
	EndProjectSection
EndProject
Global
	GlobalSection(SolutionConfigurationPlatforms) = preSolution
		Debug|Any CPU = Debug|Any CPU
		Release|Any CPU = Release|Any CPU
	EndGlobalSection
	GlobalSection(ProjectConfigurationPlatforms) = postSolution
		{E50D3946-6D23-4C04-B443-E93E521648C1}.Debug|Any CPU.ActiveCfg = Debug|Any CPU
		{E50D3946-6D23-4C04-B443-E93E521648C1}.Debug|Any CPU.Build.0 = Debug|Any CPU
		{E50D3946-6D23-4C04-B443-E93E521648C1}.Release|Any CPU.ActiveCfg = Release|Any CPU
		{E50D3946-6D23-4C04-B443-E93E521648C1}.Release|Any CPU.Build.0 = Release|Any CPU
		{97AD89E2-44E9-4F6E-B8A5-E8F5F9C7FB22}.Debug|Any CPU.ActiveCfg = Debug|Any CPU
		{97AD89E2-44E9-4F6E-B8A5-E8F5F9C7FB22}.Debug|Any CPU.Build.0 = Debug|Any CPU
		{97AD89E2-44E9-4F6E-B8A5-E8F5F9C7FB22}.Release|Any CPU.ActiveCfg = Release|Any CPU
		{97AD89E2-44E9-4F6E-B8A5-E8F5F9C7FB22}.Release|Any CPU.Build.0 = Release|Any CPU
		{420E15F4-B0E5-4E07-935C-5189715F7D95}.Debug|Any CPU.ActiveCfg = Debug|Any CPU
		{420E15F4-B0E5-4E07-935C-5189715F7D95}.Debug|Any CPU.Build.0 = Debug|Any CPU
		{420E15F4-B0E5-4E07-935C-5189715F7D95}.Release|Any CPU.ActiveCfg = Release|Any CPU
		{420E15F4-B0E5-4E07-935C-5189715F7D95}.Release|Any CPU.Build.0 = Release|Any CPU
		{56C3AED1-F9B9-42BC-A44A-EA2CC4642619}.Debug|Any CPU.ActiveCfg = Debug|Any CPU
		{56C3AED1-F9B9-42BC-A44A-EA2CC4642619}.Debug|Any CPU.Build.0 = Debug|Any CPU
		{56C3AED1-F9B9-42BC-A44A-EA2CC4642619}.Release|Any CPU.ActiveCfg = Release|Any CPU
		{56C3AED1-F9B9-42BC-A44A-EA2CC4642619}.Release|Any CPU.Build.0 = Release|Any CPU
		{5423D744-FF84-448E-B360-A39AD7F7839C}.Debug|Any CPU.ActiveCfg = Debug|Any CPU
		{5423D744-FF84-448E-B360-A39AD7F7839C}.Debug|Any CPU.Build.0 = Debug|Any CPU
		{5423D744-FF84-448E-B360-A39AD7F7839C}.Release|Any CPU.ActiveCfg = Release|Any CPU
		{5423D744-FF84-448E-B360-A39AD7F7839C}.Release|Any CPU.Build.0 = Release|Any CPU
	EndGlobalSection
	GlobalSection(SolutionProperties) = preSolution
		HideSolutionNode = FALSE
	EndGlobalSection
	GlobalSection(ExtensibilityGlobals) = postSolution
		SolutionGuid = {09839132-05E1-46ED-9DB4-E3A758EC9CCA}
	EndGlobalSection
EndGlobal
